
Microsoft Visual Studio Solution File, Format Version 12.00
# Visual Studio Version 17
VisualStudioVersion = 17.11.35303.130
MinimumVisualStudioVersion = 10.0.40219.1
Project("{2150E333-8FDC-42A3-9474-1A3956D46DE8}") = "Services", "Services", "{42D406AC-71E0-4ADF-BE62-2DB31522D66A}"
EndProject
Project("{2150E333-8FDC-42A3-9474-1A3956D46DE8}") = "Catalog", "Catalog", "{EA32A1F7-1735-473A-AF40-7F914594FF16}"
EndProject
Project("{9A19103F-16F7-4668-BE54-9A1E7A4F7556}") = "MultiShop.Catalog", "Services\Catalog\MultiShop.Catalog\MultiShop.Catalog.csproj", "{0E55711E-25DE-427B-87E0-D329B28446F1}"
EndProject
Project("{2150E333-8FDC-42A3-9474-1A3956D46DE8}") = "Order", "Order", "{343028DF-3A93-4B76-A9B7-8FC9784BF849}"
EndProject
Project("{2150E333-8FDC-42A3-9474-1A3956D46DE8}") = "Core", "Core", "{35F3BCDC-84FC-46F2-BB0F-EA87C4DE2BFE}"
EndProject
Project("{2150E333-8FDC-42A3-9474-1A3956D46DE8}") = "Infrastructure", "Infrastructure", "{9DF94BB2-ACA3-4B57-ADA0-F146FF133971}"
EndProject
Project("{2150E333-8FDC-42A3-9474-1A3956D46DE8}") = "Presentation", "Presentation", "{B770EBA1-6C0F-45C9-B912-7C50BA0AF19D}"
EndProject
Project("{9A19103F-16F7-4668-BE54-9A1E7A4F7556}") = "MultiShop.Order.Domain", "Services\Order\Core\MultiShop.Order.Domain\MultiShop.Order.Domain.csproj", "{850612C3-C7F9-4578-80E5-D41D1D5AD797}"
EndProject
Project("{9A19103F-16F7-4668-BE54-9A1E7A4F7556}") = "MultiShop.Order.Application", "Services\Order\Core\MultiShop.Order.Application\MultiShop.Order.Application.csproj", "{67C95943-EBDC-42D2-A2F0-5E3C9A305E60}"
EndProject
Project("{9A19103F-16F7-4668-BE54-9A1E7A4F7556}") = "MultiShop.Order.Persistence", "Services\Order\Infrastructure\MultiShop.Order.Persistence\MultiShop.Order.Persistence.csproj", "{DC755928-0D90-4F27-B99D-557F1F5678C5}"
EndProject
Project("{9A19103F-16F7-4668-BE54-9A1E7A4F7556}") = "MultiShop.Order.WebApi", "Services\Order\Presentation\MultiShop.Order.WebApi\MultiShop.Order.WebApi.csproj", "{349780FD-345F-4C22-9DCE-96A9E536897C}"
EndProject
Project("{2150E333-8FDC-42A3-9474-1A3956D46DE8}") = "Discount", "Discount", "{E0BE7588-C8FB-4280-B383-2201F57C3343}"
EndProject
Project("{9A19103F-16F7-4668-BE54-9A1E7A4F7556}") = "MultiShop.Discount", "Services\Discount\MultiShop.Discount\MultiShop.Discount.csproj", "{F64311EA-52B2-45EE-A8F1-CF07E0974A8E}"
EndProject
Project("{2150E333-8FDC-42A3-9474-1A3956D46DE8}") = "IdentityServer", "IdentityServer", "{2BDC454D-BAAE-469E-AE51-D6BD94045F5C}"
EndProject
Project("{9A19103F-16F7-4668-BE54-9A1E7A4F7556}") = "MultiShop.IdentityServer", "IdentityServer\MultiShop.IdentityServer\MultiShop.IdentityServer.csproj", "{BC3780BD-8F6B-4AE6-BB67-0AB842B87152}"
EndProject
Project("{2150E333-8FDC-42A3-9474-1A3956D46DE8}") = "Requirement", "Requirement", "{513AE25D-A515-4219-960E-4542594FD274}"
	ProjectSection(SolutionItems) = preProject
		FontAwesomeLink.txt.txt = FontAwesomeLink.txt.txt
		LoginIndex.txt = LoginIndex.txt
		OcelotCodeExample.txt = OcelotCodeExample.txt
		OcelotLink.txt = OcelotLink.txt
		PortainerCmd.txt = PortainerCmd.txt
		PortNumbers.txt = PortNumbers.txt
		SimpleCode.txt = SimpleCode.txt
		UserExample.txt = UserExample.txt
		İdentityServerVersionErrorSolution.txt = İdentityServerVersionErrorSolution.txt
	EndProjectSection
EndProject
Project("{2150E333-8FDC-42A3-9474-1A3956D46DE8}") = "Cargo", "Cargo", "{239F94B4-BC8E-476E-920C-2FF5F08B31B9}"
EndProject
Project("{9A19103F-16F7-4668-BE54-9A1E7A4F7556}") = "MultiShop.Cargo.EntityLayer", "Services\Cargo\MultiShop.Cargo.EntityLayer\MultiShop.Cargo.EntityLayer.csproj", "{581B1E63-B99F-49F1-AE44-8CE5C7D627AD}"
EndProject
Project("{9A19103F-16F7-4668-BE54-9A1E7A4F7556}") = "MultiShop.Cargo.BusinessLayer", "Services\Cargo\MultiShop.Cargo.BusinessLayer\MultiShop.Cargo.BusinessLayer.csproj", "{063D7C1D-F230-4C85-BA2A-82A98D40BA08}"
EndProject
Project("{9A19103F-16F7-4668-BE54-9A1E7A4F7556}") = "MultiShop.Cargo.DataAccessLayer", "Services\Cargo\MultiShop.Cargo.DataAccessLayer\MultiShop.Cargo.DataAccessLayer.csproj", "{CBE5677D-A867-44B8-8C5C-F89DE5054401}"
EndProject
Project("{9A19103F-16F7-4668-BE54-9A1E7A4F7556}") = "MultiShop.Cargo.DtoLayer", "Services\Cargo\MultiShop.Cargo.DtoLayer\MultiShop.Cargo.DtoLayer.csproj", "{C63D89F3-96F4-4C2C-99BF-9466D031C4F0}"
EndProject
Project("{9A19103F-16F7-4668-BE54-9A1E7A4F7556}") = "MultiShop.Cargo.WebApi", "Services\Cargo\MultiShop.Cargo.WebApi\MultiShop.Cargo.WebApi.csproj", "{2B79EA2F-95F1-42A9-B2E7-0230D41B0528}"
EndProject
Project("{2150E333-8FDC-42A3-9474-1A3956D46DE8}") = "Basket", "Basket", "{3DCAA9CF-18E7-4258-A7B3-5F6D99ED98BA}"
EndProject
Project("{9A19103F-16F7-4668-BE54-9A1E7A4F7556}") = "MultiShop.Basket", "Services\Basket\MultiShop.Basket\MultiShop.Basket.csproj", "{522DEFD5-A454-4576-B3F6-8490AD25D0F0}"
EndProject
Project("{2150E333-8FDC-42A3-9474-1A3956D46DE8}") = "Frontends", "Frontends", "{1DC5BF25-718B-41C4-8994-A59634EBEC10}"
EndProject
Project("{9A19103F-16F7-4668-BE54-9A1E7A4F7556}") = "MultiShop.WebUI", "Frontends\MultiShop.WebUI\MultiShop.WebUI.csproj", "{177EC723-DFED-467D-8F7D-FACFAD245237}"
EndProject
Project("{9A19103F-16F7-4668-BE54-9A1E7A4F7556}") = "MultiShop.DtoLayer", "Frontends\MultiShop.DtoLayer\MultiShop.DtoLayer.csproj", "{BDD9B74E-BACD-46D9-B0CA-101518773216}"
EndProject
Project("{2150E333-8FDC-42A3-9474-1A3956D46DE8}") = "Comment", "Comment", "{41CF7332-4AEB-4555-91CD-1C81F95EA286}"
EndProject
Project("{9A19103F-16F7-4668-BE54-9A1E7A4F7556}") = "MultiShop.Comment", "Services\Comment\MultiShop.Comment\MultiShop.Comment.csproj", "{AAE8DCE6-505A-4882-BB86-F5FD98428EEA}"
EndProject
Project("{2150E333-8FDC-42A3-9474-1A3956D46DE8}") = "ApiGateway", "ApiGateway", "{4EB29972-0039-4ADF-BC89-348A6149209A}"
EndProject
Project("{2150E333-8FDC-42A3-9474-1A3956D46DE8}") = "RapidApi", "RapidApi", "{6BC64084-2A45-4B9A-A6D2-09F373DE1642}"
EndProject
Project("{9A19103F-16F7-4668-BE54-9A1E7A4F7556}") = "MultiShop.OcelotGateway", "ApiGateway\MultiShop.OcelotGateway\MultiShop.OcelotGateway.csproj", "{87D9539B-16C3-4F75-9110-FD0CD6955713}"
EndProject
Project("{2150E333-8FDC-42A3-9474-1A3956D46DE8}") = "Payment", "Payment", "{C193A65A-BCF3-4FD4-B6A0-E58C2B88AAB2}"
EndProject
Project("{9A19103F-16F7-4668-BE54-9A1E7A4F7556}") = "MultiShop.Payment", "Services\Payment\MultiShop.Payment\MultiShop.Payment.csproj", "{9A6111A0-08A2-43D5-99B3-6DAF82E4D0D1}"
EndProject
Project("{2150E333-8FDC-42A3-9474-1A3956D46DE8}") = "Images", "Images", "{7FEDB2C6-AABF-4D42-A3F5-A34A1CBD266E}"
EndProject
Project("{9A19103F-16F7-4668-BE54-9A1E7A4F7556}") = "MultiShop.Images", "Services\Images\MultiShop.Images\MultiShop.Images.csproj", "{367843EF-2058-4B46-BE80-07467A81AF4D}"
EndProject
Global
	GlobalSection(SolutionConfigurationPlatforms) = preSolution
		Debug|Any CPU = Debug|Any CPU
		Release|Any CPU = Release|Any CPU
	EndGlobalSection
	GlobalSection(ProjectConfigurationPlatforms) = postSolution
		{0E55711E-25DE-427B-87E0-D329B28446F1}.Debug|Any CPU.ActiveCfg = Debug|Any CPU
		{0E55711E-25DE-427B-87E0-D329B28446F1}.Debug|Any CPU.Build.0 = Debug|Any CPU
		{0E55711E-25DE-427B-87E0-D329B28446F1}.Release|Any CPU.ActiveCfg = Release|Any CPU
		{0E55711E-25DE-427B-87E0-D329B28446F1}.Release|Any CPU.Build.0 = Release|Any CPU
		{850612C3-C7F9-4578-80E5-D41D1D5AD797}.Debug|Any CPU.ActiveCfg = Debug|Any CPU
		{850612C3-C7F9-4578-80E5-D41D1D5AD797}.Debug|Any CPU.Build.0 = Debug|Any CPU
		{850612C3-C7F9-4578-80E5-D41D1D5AD797}.Release|Any CPU.ActiveCfg = Release|Any CPU
		{850612C3-C7F9-4578-80E5-D41D1D5AD797}.Release|Any CPU.Build.0 = Release|Any CPU
		{67C95943-EBDC-42D2-A2F0-5E3C9A305E60}.Debug|Any CPU.ActiveCfg = Debug|Any CPU
		{67C95943-EBDC-42D2-A2F0-5E3C9A305E60}.Debug|Any CPU.Build.0 = Debug|Any CPU
		{67C95943-EBDC-42D2-A2F0-5E3C9A305E60}.Release|Any CPU.ActiveCfg = Release|Any CPU
		{67C95943-EBDC-42D2-A2F0-5E3C9A305E60}.Release|Any CPU.Build.0 = Release|Any CPU
		{DC755928-0D90-4F27-B99D-557F1F5678C5}.Debug|Any CPU.ActiveCfg = Debug|Any CPU
		{DC755928-0D90-4F27-B99D-557F1F5678C5}.Debug|Any CPU.Build.0 = Debug|Any CPU
		{DC755928-0D90-4F27-B99D-557F1F5678C5}.Release|Any CPU.ActiveCfg = Release|Any CPU
		{DC755928-0D90-4F27-B99D-557F1F5678C5}.Release|Any CPU.Build.0 = Release|Any CPU
		{349780FD-345F-4C22-9DCE-96A9E536897C}.Debug|Any CPU.ActiveCfg = Debug|Any CPU
		{349780FD-345F-4C22-9DCE-96A9E536897C}.Debug|Any CPU.Build.0 = Debug|Any CPU
		{349780FD-345F-4C22-9DCE-96A9E536897C}.Release|Any CPU.ActiveCfg = Release|Any CPU
		{349780FD-345F-4C22-9DCE-96A9E536897C}.Release|Any CPU.Build.0 = Release|Any CPU
		{F64311EA-52B2-45EE-A8F1-CF07E0974A8E}.Debug|Any CPU.ActiveCfg = Debug|Any CPU
		{F64311EA-52B2-45EE-A8F1-CF07E0974A8E}.Debug|Any CPU.Build.0 = Debug|Any CPU
		{F64311EA-52B2-45EE-A8F1-CF07E0974A8E}.Release|Any CPU.ActiveCfg = Release|Any CPU
		{F64311EA-52B2-45EE-A8F1-CF07E0974A8E}.Release|Any CPU.Build.0 = Release|Any CPU
		{BC3780BD-8F6B-4AE6-BB67-0AB842B87152}.Debug|Any CPU.ActiveCfg = Debug|Any CPU
		{BC3780BD-8F6B-4AE6-BB67-0AB842B87152}.Debug|Any CPU.Build.0 = Debug|Any CPU
		{BC3780BD-8F6B-4AE6-BB67-0AB842B87152}.Release|Any CPU.ActiveCfg = Release|Any CPU
		{BC3780BD-8F6B-4AE6-BB67-0AB842B87152}.Release|Any CPU.Build.0 = Release|Any CPU
		{581B1E63-B99F-49F1-AE44-8CE5C7D627AD}.Debug|Any CPU.ActiveCfg = Debug|Any CPU
		{581B1E63-B99F-49F1-AE44-8CE5C7D627AD}.Debug|Any CPU.Build.0 = Debug|Any CPU
		{581B1E63-B99F-49F1-AE44-8CE5C7D627AD}.Release|Any CPU.ActiveCfg = Release|Any CPU
		{581B1E63-B99F-49F1-AE44-8CE5C7D627AD}.Release|Any CPU.Build.0 = Release|Any CPU
		{063D7C1D-F230-4C85-BA2A-82A98D40BA08}.Debug|Any CPU.ActiveCfg = Debug|Any CPU
		{063D7C1D-F230-4C85-BA2A-82A98D40BA08}.Debug|Any CPU.Build.0 = Debug|Any CPU
		{063D7C1D-F230-4C85-BA2A-82A98D40BA08}.Release|Any CPU.ActiveCfg = Release|Any CPU
		{063D7C1D-F230-4C85-BA2A-82A98D40BA08}.Release|Any CPU.Build.0 = Release|Any CPU
		{CBE5677D-A867-44B8-8C5C-F89DE5054401}.Debug|Any CPU.ActiveCfg = Debug|Any CPU
		{CBE5677D-A867-44B8-8C5C-F89DE5054401}.Debug|Any CPU.Build.0 = Debug|Any CPU
		{CBE5677D-A867-44B8-8C5C-F89DE5054401}.Release|Any CPU.ActiveCfg = Release|Any CPU
		{CBE5677D-A867-44B8-8C5C-F89DE5054401}.Release|Any CPU.Build.0 = Release|Any CPU
		{C63D89F3-96F4-4C2C-99BF-9466D031C4F0}.Debug|Any CPU.ActiveCfg = Debug|Any CPU
		{C63D89F3-96F4-4C2C-99BF-9466D031C4F0}.Debug|Any CPU.Build.0 = Debug|Any CPU
		{C63D89F3-96F4-4C2C-99BF-9466D031C4F0}.Release|Any CPU.ActiveCfg = Release|Any CPU
		{C63D89F3-96F4-4C2C-99BF-9466D031C4F0}.Release|Any CPU.Build.0 = Release|Any CPU
		{2B79EA2F-95F1-42A9-B2E7-0230D41B0528}.Debug|Any CPU.ActiveCfg = Debug|Any CPU
		{2B79EA2F-95F1-42A9-B2E7-0230D41B0528}.Debug|Any CPU.Build.0 = Debug|Any CPU
		{2B79EA2F-95F1-42A9-B2E7-0230D41B0528}.Release|Any CPU.ActiveCfg = Release|Any CPU
		{2B79EA2F-95F1-42A9-B2E7-0230D41B0528}.Release|Any CPU.Build.0 = Release|Any CPU
		{522DEFD5-A454-4576-B3F6-8490AD25D0F0}.Debug|Any CPU.ActiveCfg = Debug|Any CPU
		{522DEFD5-A454-4576-B3F6-8490AD25D0F0}.Debug|Any CPU.Build.0 = Debug|Any CPU
		{522DEFD5-A454-4576-B3F6-8490AD25D0F0}.Release|Any CPU.ActiveCfg = Release|Any CPU
		{522DEFD5-A454-4576-B3F6-8490AD25D0F0}.Release|Any CPU.Build.0 = Release|Any CPU
		{177EC723-DFED-467D-8F7D-FACFAD245237}.Debug|Any CPU.ActiveCfg = Debug|Any CPU
		{177EC723-DFED-467D-8F7D-FACFAD245237}.Debug|Any CPU.Build.0 = Debug|Any CPU
		{177EC723-DFED-467D-8F7D-FACFAD245237}.Release|Any CPU.ActiveCfg = Release|Any CPU
		{177EC723-DFED-467D-8F7D-FACFAD245237}.Release|Any CPU.Build.0 = Release|Any CPU
		{BDD9B74E-BACD-46D9-B0CA-101518773216}.Debug|Any CPU.ActiveCfg = Debug|Any CPU
		{BDD9B74E-BACD-46D9-B0CA-101518773216}.Debug|Any CPU.Build.0 = Debug|Any CPU
		{BDD9B74E-BACD-46D9-B0CA-101518773216}.Release|Any CPU.ActiveCfg = Release|Any CPU
		{BDD9B74E-BACD-46D9-B0CA-101518773216}.Release|Any CPU.Build.0 = Release|Any CPU
		{AAE8DCE6-505A-4882-BB86-F5FD98428EEA}.Debug|Any CPU.ActiveCfg = Debug|Any CPU
		{AAE8DCE6-505A-4882-BB86-F5FD98428EEA}.Debug|Any CPU.Build.0 = Debug|Any CPU
		{AAE8DCE6-505A-4882-BB86-F5FD98428EEA}.Release|Any CPU.ActiveCfg = Release|Any CPU
		{AAE8DCE6-505A-4882-BB86-F5FD98428EEA}.Release|Any CPU.Build.0 = Release|Any CPU
		{87D9539B-16C3-4F75-9110-FD0CD6955713}.Debug|Any CPU.ActiveCfg = Debug|Any CPU
		{87D9539B-16C3-4F75-9110-FD0CD6955713}.Debug|Any CPU.Build.0 = Debug|Any CPU
		{87D9539B-16C3-4F75-9110-FD0CD6955713}.Release|Any CPU.ActiveCfg = Release|Any CPU
		{87D9539B-16C3-4F75-9110-FD0CD6955713}.Release|Any CPU.Build.0 = Release|Any CPU
		{9A6111A0-08A2-43D5-99B3-6DAF82E4D0D1}.Debug|Any CPU.ActiveCfg = Debug|Any CPU
		{9A6111A0-08A2-43D5-99B3-6DAF82E4D0D1}.Debug|Any CPU.Build.0 = Debug|Any CPU
		{9A6111A0-08A2-43D5-99B3-6DAF82E4D0D1}.Release|Any CPU.ActiveCfg = Release|Any CPU
		{9A6111A0-08A2-43D5-99B3-6DAF82E4D0D1}.Release|Any CPU.Build.0 = Release|Any CPU
		{367843EF-2058-4B46-BE80-07467A81AF4D}.Debug|Any CPU.ActiveCfg = Debug|Any CPU
		{367843EF-2058-4B46-BE80-07467A81AF4D}.Debug|Any CPU.Build.0 = Debug|Any CPU
		{367843EF-2058-4B46-BE80-07467A81AF4D}.Release|Any CPU.ActiveCfg = Release|Any CPU
		{367843EF-2058-4B46-BE80-07467A81AF4D}.Release|Any CPU.Build.0 = Release|Any CPU
	EndGlobalSection
	GlobalSection(SolutionProperties) = preSolution
		HideSolutionNode = FALSE
	EndGlobalSection
	GlobalSection(NestedProjects) = preSolution
		{EA32A1F7-1735-473A-AF40-7F914594FF16} = {42D406AC-71E0-4ADF-BE62-2DB31522D66A}
		{0E55711E-25DE-427B-87E0-D329B28446F1} = {EA32A1F7-1735-473A-AF40-7F914594FF16}
		{343028DF-3A93-4B76-A9B7-8FC9784BF849} = {42D406AC-71E0-4ADF-BE62-2DB31522D66A}
		{35F3BCDC-84FC-46F2-BB0F-EA87C4DE2BFE} = {343028DF-3A93-4B76-A9B7-8FC9784BF849}
		{9DF94BB2-ACA3-4B57-ADA0-F146FF133971} = {343028DF-3A93-4B76-A9B7-8FC9784BF849}
		{B770EBA1-6C0F-45C9-B912-7C50BA0AF19D} = {343028DF-3A93-4B76-A9B7-8FC9784BF849}
		{850612C3-C7F9-4578-80E5-D41D1D5AD797} = {35F3BCDC-84FC-46F2-BB0F-EA87C4DE2BFE}
		{67C95943-EBDC-42D2-A2F0-5E3C9A305E60} = {35F3BCDC-84FC-46F2-BB0F-EA87C4DE2BFE}
		{DC755928-0D90-4F27-B99D-557F1F5678C5} = {9DF94BB2-ACA3-4B57-ADA0-F146FF133971}
		{349780FD-345F-4C22-9DCE-96A9E536897C} = {B770EBA1-6C0F-45C9-B912-7C50BA0AF19D}
		{E0BE7588-C8FB-4280-B383-2201F57C3343} = {42D406AC-71E0-4ADF-BE62-2DB31522D66A}
		{F64311EA-52B2-45EE-A8F1-CF07E0974A8E} = {E0BE7588-C8FB-4280-B383-2201F57C3343}
		{BC3780BD-8F6B-4AE6-BB67-0AB842B87152} = {2BDC454D-BAAE-469E-AE51-D6BD94045F5C}
		{239F94B4-BC8E-476E-920C-2FF5F08B31B9} = {42D406AC-71E0-4ADF-BE62-2DB31522D66A}
		{581B1E63-B99F-49F1-AE44-8CE5C7D627AD} = {239F94B4-BC8E-476E-920C-2FF5F08B31B9}
		{063D7C1D-F230-4C85-BA2A-82A98D40BA08} = {239F94B4-BC8E-476E-920C-2FF5F08B31B9}
		{CBE5677D-A867-44B8-8C5C-F89DE5054401} = {239F94B4-BC8E-476E-920C-2FF5F08B31B9}
		{C63D89F3-96F4-4C2C-99BF-9466D031C4F0} = {239F94B4-BC8E-476E-920C-2FF5F08B31B9}
		{2B79EA2F-95F1-42A9-B2E7-0230D41B0528} = {239F94B4-BC8E-476E-920C-2FF5F08B31B9}
		{3DCAA9CF-18E7-4258-A7B3-5F6D99ED98BA} = {42D406AC-71E0-4ADF-BE62-2DB31522D66A}
		{522DEFD5-A454-4576-B3F6-8490AD25D0F0} = {3DCAA9CF-18E7-4258-A7B3-5F6D99ED98BA}
		{177EC723-DFED-467D-8F7D-FACFAD245237} = {1DC5BF25-718B-41C4-8994-A59634EBEC10}
		{BDD9B74E-BACD-46D9-B0CA-101518773216} = {1DC5BF25-718B-41C4-8994-A59634EBEC10}
		{41CF7332-4AEB-4555-91CD-1C81F95EA286} = {42D406AC-71E0-4ADF-BE62-2DB31522D66A}
		{AAE8DCE6-505A-4882-BB86-F5FD98428EEA} = {41CF7332-4AEB-4555-91CD-1C81F95EA286}
		{87D9539B-16C3-4F75-9110-FD0CD6955713} = {4EB29972-0039-4ADF-BC89-348A6149209A}
		{C193A65A-BCF3-4FD4-B6A0-E58C2B88AAB2} = {42D406AC-71E0-4ADF-BE62-2DB31522D66A}
		{9A6111A0-08A2-43D5-99B3-6DAF82E4D0D1} = {C193A65A-BCF3-4FD4-B6A0-E58C2B88AAB2}
		{7FEDB2C6-AABF-4D42-A3F5-A34A1CBD266E} = {42D406AC-71E0-4ADF-BE62-2DB31522D66A}
		{367843EF-2058-4B46-BE80-07467A81AF4D} = {7FEDB2C6-AABF-4D42-A3F5-A34A1CBD266E}
	EndGlobalSection
	GlobalSection(ExtensibilityGlobals) = postSolution
		SolutionGuid = {77D7456C-3D03-4AB3-989A-905B8EDAF2BC}
	EndGlobalSection
EndGlobal
